
Microsoft Visual Studio Solution File, Format Version 12.00
# Visual Studio Version 16
VisualStudioVersion = 16.0.30011.22
MinimumVisualStudioVersion = 10.0.40219.1
Project("{9A19103F-16F7-4668-BE54-9A1E7A4F7556}") = "JewelleryShop", "JewelleryShop.csproj", "{3A8E335F-F187-4652-B504-5DC6EEC0A496}"
EndProject
Project("{9A19103F-16F7-4668-BE54-9A1E7A4F7556}") = "JewelleryShopTest", "..\JewelleryShopTest\JewelleryShopTest.csproj", "{66BBB5F7-EE55-40A8-BCA0-C6DA9DAA5CE4}"
EndProject
Global
	GlobalSection(SolutionConfigurationPlatforms) = preSolution
		Debug|Any CPU = Debug|Any CPU
		Release|Any CPU = Release|Any CPU
	EndGlobalSection
	GlobalSection(ProjectConfigurationPlatforms) = postSolution
		{3A8E335F-F187-4652-B504-5DC6EEC0A496}.Debug|Any CPU.ActiveCfg = Debug|Any CPU
		{3A8E335F-F187-4652-B504-5DC6EEC0A496}.Debug|Any CPU.Build.0 = Debug|Any CPU
		{3A8E335F-F187-4652-B504-5DC6EEC0A496}.Release|Any CPU.ActiveCfg = Release|Any CPU
		{3A8E335F-F187-4652-B504-5DC6EEC0A496}.Release|Any CPU.Build.0 = Release|Any CPU
		{66BBB5F7-EE55-40A8-BCA0-C6DA9DAA5CE4}.Debug|Any CPU.ActiveCfg = Debug|Any CPU
		{66BBB5F7-EE55-40A8-BCA0-C6DA9DAA5CE4}.Debug|Any CPU.Build.0 = Debug|Any CPU
		{66BBB5F7-EE55-40A8-BCA0-C6DA9DAA5CE4}.Release|Any CPU.ActiveCfg = Release|Any CPU
		{66BBB5F7-EE55-40A8-BCA0-C6DA9DAA5CE4}.Release|Any CPU.Build.0 = Release|Any CPU
	EndGlobalSection
	GlobalSection(SolutionProperties) = preSolution
		HideSolutionNode = FALSE
	EndGlobalSection
	GlobalSection(ExtensibilityGlobals) = postSolution
		SolutionGuid = {718DD144-85F2-49FD-84F9-7260CCF42624}
	EndGlobalSection
EndGlobal
